
Microsoft Visual Studio Solution File, Format Version 12.00
# Visual Studio Version 16
VisualStudioVersion = 16.0.29613.14
MinimumVisualStudioVersion = 10.0.40219.1
Project("{FAE04EC0-301F-11D3-BF4B-00C04F79EFBC}") = "Discord Group Leaver", "Discord Group Leaver\Discord Group Leaver.csproj", "{50024E9D-DDAB-4E0D-B764-ECAB29E59A55}"
EndProject
Global
	GlobalSection(SolutionConfigurationPlatforms) = preSolution
		Debug|Any CPU = Debug|Any CPU
		Release|Any CPU = Release|Any CPU
	EndGlobalSection
	GlobalSection(ProjectConfigurationPlatforms) = postSolution
		{50024E9D-DDAB-4E0D-B764-ECAB29E59A55}.Debug|Any CPU.ActiveCfg = Debug|Any CPU
		{50024E9D-DDAB-4E0D-B764-ECAB29E59A55}.Debug|Any CPU.Build.0 = Debug|Any CPU
		{50024E9D-DDAB-4E0D-B764-ECAB29E59A55}.Release|Any CPU.ActiveCfg = Release|Any CPU
		{50024E9D-DDAB-4E0D-B764-ECAB29E59A55}.Release|Any CPU.Build.0 = Release|Any CPU
	EndGlobalSection
	GlobalSection(SolutionProperties) = preSolution
		HideSolutionNode = FALSE
	EndGlobalSection
	GlobalSection(ExtensibilityGlobals) = postSolution
		SolutionGuid = {73787106-887C-4936-AA1D-B44B175B2490}
	EndGlobalSection
EndGlobal
